<?xml version="1.0" encoding="UTF-8"?>
<!DOCTYPE plist PUBLIC "-//Apple//DTD PLIST 1.0//EN" "http://www.apple.com/DTDs/PropertyList-1.0.dtd">
<plist version="1.0">
<dict>
	<key>archiveVersion</key>
	<string>1</string>
	<key>classes</key>
	<dict/>
	<key>objectVersion</key>
	<string>46</string>
	<key>objects</key>
	<dict>
		<key>1F1A2E706D6CE5BB4C80D51F</key>
		<dict>
			<key>fileRef</key>
			<string>C10098C7A6A7084A1C8251AC</string>
			<key>isa</key>
			<string>PBXBuildFile</string>
		</dict>
		<key>2BF8719E228B8909B43BCC5A</key>
		<dict>
			<key>includeInIndex</key>
			<string>1</string>
			<key>isa</key>
			<string>PBXFileReference</string>
			<key>lastKnownFileType</key>
			<string>text.xcconfig</string>
			<key>name</key>
			<string>Pods-Demo-iOS.release.xcconfig</string>
			<key>path</key>
			<string>Pods/Target Support Files/Pods-Demo-iOS/Pods-Demo-iOS.release.xcconfig</string>
			<key>sourceTree</key>
			<string>&lt;group&gt;</string>
		</dict>
		<key>556C405019A5122800733CBB</key>
		<dict>
			<key>fileEncoding</key>
			<string>4</string>
			<key>isa</key>
			<string>PBXFileReference</string>
			<key>lastKnownFileType</key>
			<string>text.xml</string>
			<key>path</key>
			<string>test-stroke-dash-array.svg</string>
			<key>sourceTree</key>
			<string>&lt;group&gt;</string>
		</dict>
		<key>556C405119A5122800733CBB</key>
		<dict>
			<key>fileRef</key>
			<string>556C405019A5122800733CBB</string>
			<key>isa</key>
			<string>PBXBuildFile</string>
		</dict>
		<key>661A0DBF161727CF008D5FBE</key>
		<dict>
			<key>children</key>
			<array>
				<string>6661A77C1698BBE20061E349</string>
				<string>66E862561688BA0B0059C9C4</string>
				<string>66E862761688BA510059C9C4</string>
				<string>6649E1021617574600AFE92A</string>
				<string>661A0DCD161727CF008D5FBE</string>
				<string>661A0DCB161727CF008D5FBE</string>
				<string>BBBC73B5A6002D8D159A17C2</string>
			</array>
			<key>isa</key>
			<string>PBXGroup</string>
			<key>sourceTree</key>
			<string>&lt;group&gt;</string>
		</dict>
		<key>661A0DC1161727CF008D5FBE</key>
		<dict>
			<key>attributes</key>
			<dict>
				<key>LastUpgradeCheck</key>
				<string>0440</string>
				<key>ORGANIZATIONNAME</key>
				<string>na</string>
			</dict>
			<key>buildConfigurationList</key>
			<string>661A0DC4161727CF008D5FBE</string>
			<key>compatibilityVersion</key>
			<string>Xcode 3.2</string>
			<key>developmentRegion</key>
			<string>English</string>
			<key>hasScannedForEncodings</key>
			<string>0</string>
			<key>isa</key>
			<string>PBXProject</string>
			<key>knownRegions</key>
			<array>
				<string>en</string>
			</array>
			<key>mainGroup</key>
			<string>661A0DBF161727CF008D5FBE</string>
			<key>productRefGroup</key>
			<string>661A0DCB161727CF008D5FBE</string>
			<key>projectDirPath</key>
			<string></string>
			<key>projectReferences</key>
			<array>
				<dict>
					<key>ProductGroup</key>
					<string>6649E1031617574600AFE92A</string>
					<key>ProjectRef</key>
					<string>6649E1021617574600AFE92A</string>
				</dict>
			</array>
			<key>projectRoot</key>
			<string></string>
			<key>targets</key>
			<array>
				<string>661A0DC9161727CF008D5FBE</string>
			</array>
		</dict>
		<key>661A0DC4161727CF008D5FBE</key>
		<dict>
			<key>buildConfigurations</key>
			<array>
				<string>661A0DF2161727D0008D5FBE</string>
				<string>661A0DF3161727D0008D5FBE</string>
			</array>
			<key>defaultConfigurationIsVisible</key>
			<string>0</string>
			<key>defaultConfigurationName</key>
			<string>Release</string>
			<key>isa</key>
			<string>XCConfigurationList</string>
		</dict>
		<key>661A0DC6161727CF008D5FBE</key>
		<dict>
			<key>buildActionMask</key>
			<string>2147483647</string>
			<key>files</key>
			<array>
				<string>66E8626B1688BA0B0059C9C4</string>
				<string>66E8626E1688BA0B0059C9C4</string>
				<string>66E862741688BA0B0059C9C4</string>
				<string>66E862751688BA0B0059C9C4</string>
			</array>
			<key>isa</key>
			<string>PBXSourcesBuildPhase</string>
			<key>runOnlyForDeploymentPostprocessing</key>
			<string>0</string>
		</dict>
		<key>661A0DC7161727CF008D5FBE</key>
		<dict>
			<key>buildActionMask</key>
			<string>2147483647</string>
			<key>files</key>
			<array>
				<string>6661A77D1698BBE20061E349</string>
				<string>6649E10F1617578500AFE92A</string>
				<string>6649E10D1617577000AFE92A</string>
				<string>6649E0AD1617479200AFE92A</string>
				<string>661A0DCF161727CF008D5FBE</string>
				<string>661A0DD1161727CF008D5FBE</string>
				<string>661A0DD3161727CF008D5FBE</string>
				<string>1F1A2E706D6CE5BB4C80D51F</string>
			</array>
			<key>isa</key>
			<string>PBXFrameworksBuildPhase</string>
			<key>runOnlyForDeploymentPostprocessing</key>
			<string>0</string>
		</dict>
		<key>661A0DC8161727CF008D5FBE</key>
		<dict>
			<key>buildActionMask</key>
			<string>2147483647</string>
			<key>files</key>
			<array>
				<string>66E8626C1688BA0B0059C9C4</string>
				<string>66E8626F1688BA0B0059C9C4</string>
				<string>667CA182181D598F00E49B68</string>
				<string>66E862701688BA0B0059C9C4</string>
				<string>66E862711688BA0B0059C9C4</string>
				<string>66E862721688BA0B0059C9C4</string>
				<string>66E862731688BA0B0059C9C4</string>
				<string>66E8628E1688BA510059C9C4</string>
				<string>66F33DCD182FDE50004464AC</string>
				<string>667CA17C181D552A00E49B68</string>
				<string>66E8628F1688BA510059C9C4</string>
				<string>66E862911688BA510059C9C4</string>
				<string>66E862921688BA510059C9C4</string>
				<string>66E862931688BA510059C9C4</string>
				<string>66E862941688BA510059C9C4</string>
				<string>556C405119A5122800733CBB</string>
				<string>66E862951688BA510059C9C4</string>
				<string>66E862961688BA510059C9C4</string>
				<string>66E862971688BA510059C9C4</string>
				<string>66E862981688BA510059C9C4</string>
				<string>66E862991688BA510059C9C4</string>
				<string>66E8629B1688BA510059C9C4</string>
				<string>BD15857C199909B800461AA5</string>
				<string>66E8629C1688BA510059C9C4</string>
				<string>66E8629D1688BA510059C9C4</string>
				<string>BDC40148199AA42C00DFEA27</string>
				<string>66E8629E1688BA510059C9C4</string>
				<string>667CA180181D590300E49B68</string>
				<string>66E8629F1688BA510059C9C4</string>
				<string>66E862A01688BA510059C9C4</string>
				<string>66E862A11688BA510059C9C4</string>
				<string>66E862A21688BA510059C9C4</string>
				<string>66A9F4441688C66E000D4A2E</string>
				<string>663FCFF116C9AF1C00CCBFB3</string>
				<string>BDC40146199AA41900DFEA27</string>
				<string>663FCFF216C9AF1C00CCBFB3</string>
				<string>663FCFF316C9AF1C00CCBFB3</string>
				<string>663FCFF416C9AF1C00CCBFB3</string>
				<string>663FCFF616C9AF3C00CCBFB3</string>
				<string>66B695F2199BFAC900F8E7EE</string>
				<string>663FD00416CAB16B00CCBFB3</string>
				<string>661ADBFA16CC3399006F4BC3</string>
				<string>665E07F316CE81DD00D6934D</string>
				<string>66A09CA616CFE67B003CD5CD</string>
				<string>66A09CA716CFE67B003CD5CD</string>
				<string>66A09CA816CFE67B003CD5CD</string>
				<string>66B695F3199BFAC900F8E7EE</string>
				<string>66A09CA916CFE67B003CD5CD</string>
				<string>66B695F4199BFAC900F8E7EE</string>
				<string>66A09CAA16CFE67B003CD5CD</string>
				<string>66A09CAB16CFE67B003CD5CD</string>
				<string>66324BE216D24FA4001C1E83</string>
				<string>66E785AB171A228A001EF59D</string>
				<string>E203AF8D1A0AC14F000DE028</string>
				<string>66E785AD171A2345001EF59D</string>
				<string>BD15857E199909C400461AA5</string>
				<string>9ED79A21179D83580048AA5B</string>
				<string>66C43EA918398E6E00299662</string>
			</array>
			<key>isa</key>
			<string>PBXResourcesBuildPhase</string>
			<key>runOnlyForDeploymentPostprocessing</key>
			<string>0</string>
		</dict>
		<key>661A0DC9161727CF008D5FBE</key>
		<dict>
			<key>buildConfigurationList</key>
			<string>661A0DF4161727D0008D5FBE</string>
			<key>buildPhases</key>
			<array>
				<string>E9A792477368B0607A33EFBF</string>
				<string>661A0DC6161727CF008D5FBE</string>
				<string>661A0DC7161727CF008D5FBE</string>
				<string>661A0DC8161727CF008D5FBE</string>
				<string>8E77DE73192C7397952FEB0E</string>
			</array>
			<key>buildRules</key>
			<array/>
			<key>dependencies</key>
			<array>
				<string>66E785A9171A1208001EF59D</string>
			</array>
			<key>isa</key>
			<string>PBXNativeTarget</string>
			<key>name</key>
			<string>Demo-iOS</string>
			<key>productName</key>
			<string>iOSDemo</string>
			<key>productReference</key>
			<string>661A0DCA161727CF008D5FBE</string>
			<key>productType</key>
			<string>com.apple.product-type.application</string>
		</dict>
		<key>661A0DCA161727CF008D5FBE</key>
		<dict>
			<key>explicitFileType</key>
			<string>wrapper.application</string>
			<key>includeInIndex</key>
			<string>0</string>
			<key>isa</key>
			<string>PBXFileReference</string>
			<key>path</key>
			<string>Demo-iOS.app</string>
			<key>sourceTree</key>
			<string>BUILT_PRODUCTS_DIR</string>
		</dict>
		<key>661A0DCB161727CF008D5FBE</key>
		<dict>
			<key>children</key>
			<array>
				<string>661A0DCA161727CF008D5FBE</string>
			</array>
			<key>isa</key>
			<string>PBXGroup</string>
			<key>name</key>
			<string>Products</string>
			<key>sourceTree</key>
			<string>&lt;group&gt;</string>
		</dict>
		<key>661A0DCD161727CF008D5FBE</key>
		<dict>
			<key>children</key>
			<array>
				<string>6649E10E1617578500AFE92A</string>
				<string>6649E0AC1617479200AFE92A</string>
				<string>661A0DCE161727CF008D5FBE</string>
				<string>661A0DD0161727CF008D5FBE</string>
				<string>661A0DD2161727CF008D5FBE</string>
				<string>C10098C7A6A7084A1C8251AC</string>
			</array>
			<key>isa</key>
			<string>PBXGroup</string>
			<key>name</key>
			<string>Frameworks</string>
			<key>sourceTree</key>
			<string>&lt;group&gt;</string>
		</dict>
		<key>661A0DCE161727CF008D5FBE</key>
		<dict>
			<key>isa</key>
			<string>PBXFileReference</string>
			<key>lastKnownFileType</key>
			<string>wrapper.framework</string>
			<key>name</key>
			<string>UIKit.framework</string>
			<key>path</key>
			<string>System/Library/Frameworks/UIKit.framework</string>
			<key>sourceTree</key>
			<string>SDKROOT</string>
		</dict>
		<key>661A0DCF161727CF008D5FBE</key>
		<dict>
			<key>fileRef</key>
			<string>661A0DCE161727CF008D5FBE</string>
			<key>isa</key>
			<string>PBXBuildFile</string>
		</dict>
		<key>661A0DD0161727CF008D5FBE</key>
		<dict>
			<key>isa</key>
			<string>PBXFileReference</string>
			<key>lastKnownFileType</key>
			<string>wrapper.framework</string>
			<key>name</key>
			<string>Foundation.framework</string>
			<key>path</key>
			<string>System/Library/Frameworks/Foundation.framework</string>
			<key>sourceTree</key>
			<string>SDKROOT</string>
		</dict>
		<key>661A0DD1161727CF008D5FBE</key>
		<dict>
			<key>fileRef</key>
			<string>661A0DD0161727CF008D5FBE</string>
			<key>isa</key>
			<string>PBXBuildFile</string>
		</dict>
		<key>661A0DD2161727CF008D5FBE</key>
		<dict>
			<key>isa</key>
			<string>PBXFileReference</string>
			<key>lastKnownFileType</key>
			<string>wrapper.framework</string>
			<key>name</key>
			<string>CoreGraphics.framework</string>
			<key>path</key>
			<string>System/Library/Frameworks/CoreGraphics.framework</string>
			<key>sourceTree</key>
			<string>SDKROOT</string>
		</dict>
		<key>661A0DD3161727CF008D5FBE</key>
		<dict>
			<key>fileRef</key>
			<string>661A0DD2161727CF008D5FBE</string>
			<key>isa</key>
			<string>PBXBuildFile</string>
		</dict>
		<key>661A0DF2161727D0008D5FBE</key>
		<dict>
			<key>buildSettings</key>
			<dict>
				<key>ALWAYS_SEARCH_USER_PATHS</key>
				<string>NO</string>
				<key>ARCHS</key>
				<string>$(ARCHS_STANDARD_32_BIT)</string>
				<key>CLANG_CXX_LANGUAGE_STANDARD</key>
				<string>gnu++0x</string>
				<key>CLANG_WARN__DUPLICATE_METHOD_MATCH</key>
				<string>YES</string>
				<key>CODE_SIGN_IDENTITY</key>
				<string>iPhone Developer</string>
				<key>CODE_SIGN_IDENTITY[sdk=iphoneos*]</key>
				<string>iPhone Developer</string>
				<key>COPY_PHASE_STRIP</key>
				<string>NO</string>
				<key>GCC_C_LANGUAGE_STANDARD</key>
				<string>gnu99</string>
				<key>GCC_DYNAMIC_NO_PIC</key>
				<string>NO</string>
				<key>GCC_OPTIMIZATION_LEVEL</key>
				<string>0</string>
				<key>GCC_PREPROCESSOR_DEFINITIONS</key>
				<array>
					<string>DEBUG=1</string>
					<string>$(inherited)</string>
				</array>
				<key>GCC_SYMBOLS_PRIVATE_EXTERN</key>
				<string>NO</string>
				<key>GCC_VERSION</key>
				<string>com.apple.compilers.llvm.clang.1_0</string>
				<key>GCC_WARN_ABOUT_RETURN_TYPE</key>
				<string>YES</string>
				<key>GCC_WARN_UNINITIALIZED_AUTOS</key>
				<string>YES</string>
				<key>GCC_WARN_UNUSED_VARIABLE</key>
				<string>YES</string>
				<key>HEADER_SEARCH_PATHS</key>
				<array>
					<string>../../iOS/**</string>
					<string>../../Core/**</string>
				</array>
				<key>IPHONEOS_DEPLOYMENT_TARGET</key>
				<string>5.0</string>
				<key>PROVISIONING_PROFILE</key>
				<string></string>
				<key>PROVISIONING_PROFILE[sdk=iphoneos*]</key>
				<string></string>
				<key>SDKROOT</key>
				<string>iphoneos</string>
				<key>TARGETED_DEVICE_FAMILY</key>
				<string>1,2</string>
			</dict>
			<key>isa</key>
			<string>XCBuildConfiguration</string>
			<key>name</key>
			<string>Debug</string>
		</dict>
		<key>661A0DF3161727D0008D5FBE</key>
		<dict>
			<key>buildSettings</key>
			<dict>
				<key>ALWAYS_SEARCH_USER_PATHS</key>
				<string>NO</string>
				<key>ARCHS</key>
				<string>$(ARCHS_STANDARD_32_BIT)</string>
				<key>CLANG_CXX_LANGUAGE_STANDARD</key>
				<string>gnu++0x</string>
				<key>CLANG_WARN__DUPLICATE_METHOD_MATCH</key>
				<string>YES</string>
				<key>CODE_SIGN_IDENTITY[sdk=iphoneos*]</key>
				<string></string>
				<key>COPY_PHASE_STRIP</key>
				<string>YES</string>
				<key>GCC_C_LANGUAGE_STANDARD</key>
				<string>gnu99</string>
				<key>GCC_VERSION</key>
				<string>com.apple.compilers.llvm.clang.1_0</string>
				<key>GCC_WARN_ABOUT_RETURN_TYPE</key>
				<string>YES</string>
				<key>GCC_WARN_UNINITIALIZED_AUTOS</key>
				<string>YES</string>
				<key>GCC_WARN_UNUSED_VARIABLE</key>
				<string>YES</string>
				<key>HEADER_SEARCH_PATHS</key>
				<array>
					<string>../../iOS/**</string>
					<string>../../Core/**</string>
				</array>
				<key>IPHONEOS_DEPLOYMENT_TARGET</key>
				<string>5.0</string>
				<key>OTHER_CFLAGS</key>
				<string>-DNS_BLOCK_ASSERTIONS=1</string>
				<key>SDKROOT</key>
				<string>iphoneos</string>
				<key>TARGETED_DEVICE_FAMILY</key>
				<string>1,2</string>
				<key>VALIDATE_PRODUCT</key>
				<string>YES</string>
			</dict>
			<key>isa</key>
			<string>XCBuildConfiguration</string>
			<key>name</key>
			<string>Release</string>
		</dict>
		<key>661A0DF4161727D0008D5FBE</key>
		<dict>
			<key>buildConfigurations</key>
			<array>
				<string>661A0DF5161727D0008D5FBE</string>
				<string>661A0DF6161727D0008D5FBE</string>
			</array>
			<key>defaultConfigurationIsVisible</key>
			<string>0</string>
			<key>defaultConfigurationName</key>
			<string>Release</string>
			<key>isa</key>
			<string>XCConfigurationList</string>
		</dict>
		<key>661A0DF5161727D0008D5FBE</key>
		<dict>
			<key>baseConfigurationReference</key>
			<string>9B4DCFA37BB1430F0AB1F6F9</string>
			<key>buildSettings</key>
			<dict>
				<key>GCC_PRECOMPILE_PREFIX_HEADER</key>
				<string>YES</string>
				<key>GCC_PREFIX_HEADER</key>
				<string>XCodeProjectData/Demo-iOS/Demo-iOS-Prefix.pch</string>
				<key>HEADER_SEARCH_PATHS</key>
				<array>
					<string>Source/**</string>
					<string>calayer-exporter</string>
				</array>
				<key>INFOPLIST_FILE</key>
				<string>XCodeProjectData/Demo-iOS/Demo-iOS-Info.plist</string>
				<key>IPHONEOS_DEPLOYMENT_TARGET</key>
				<string>5.0</string>
				<key>LIBRARY_SEARCH_PATHS</key>
				<string>$(inherited)</string>
				<key>OTHER_LDFLAGS</key>
				<string>-ObjC</string>
				<key>PRODUCT_NAME</key>
				<string>Demo-iOS</string>
				<key>WRAPPER_EXTENSION</key>
				<string>app</string>
			</dict>
			<key>isa</key>
			<string>XCBuildConfiguration</string>
			<key>name</key>
			<string>Debug</string>
		</dict>
		<key>661A0DF6161727D0008D5FBE</key>
		<dict>
			<key>baseConfigurationReference</key>
			<string>2BF8719E228B8909B43BCC5A</string>
			<key>buildSettings</key>
			<dict>
				<key>GCC_PRECOMPILE_PREFIX_HEADER</key>
				<string>YES</string>
				<key>GCC_PREFIX_HEADER</key>
				<string>XCodeProjectData/Demo-iOS/Demo-iOS-Prefix.pch</string>
				<key>HEADER_SEARCH_PATHS</key>
				<array>
					<string>Source/**</string>
					<string>calayer-exporter</string>
				</array>
				<key>INFOPLIST_FILE</key>
				<string>XCodeProjectData/Demo-iOS/Demo-iOS-Info.plist</string>
				<key>IPHONEOS_DEPLOYMENT_TARGET</key>
				<string>5.0</string>
				<key>LIBRARY_SEARCH_PATHS</key>
				<string>$(inherited)</string>
				<key>OTHER_LDFLAGS</key>
				<string>-ObjC</string>
				<key>PRODUCT_NAME</key>
				<string>Demo-iOS</string>
				<key>WRAPPER_EXTENSION</key>
				<string>app</string>
			</dict>
			<key>isa</key>
			<string>XCBuildConfiguration</string>
			<key>name</key>
			<string>Release</string>
		</dict>
		<key>661ADBF916CC3399006F4BC3</key>
		<dict>
			<key>fileEncoding</key>
			<string>4</string>
			<key>isa</key>
			<string>PBXFileReference</string>
			<key>lastKnownFileType</key>
			<string>text.xml</string>
			<key>path</key>
			<string>rotated-and-skewed-text.svg</string>
			<key>sourceTree</key>
			<string>&lt;group&gt;</string>
		</dict>
		<key>661ADBFA16CC3399006F4BC3</key>
		<dict>
			<key>fileRef</key>
			<string>661ADBF916CC3399006F4BC3</string>
			<key>isa</key>
			<string>PBXBuildFile</string>
		</dict>
		<key>66324BE116D24FA4001C1E83</key>
		<dict>
			<key>fileEncoding</key>
			<string>4</string>
			<key>isa</key>
			<string>PBXFileReference</string>
			<key>lastKnownFileType</key>
			<string>text.xml</string>
			<key>path</key>
			<string>rounded-rects.svg</string>
			<key>sourceTree</key>
			<string>&lt;group&gt;</string>
		</dict>
		<key>66324BE216D24FA4001C1E83</key>
		<dict>
			<key>fileRef</key>
			<string>66324BE116D24FA4001C1E83</string>
			<key>isa</key>
			<string>PBXBuildFile</string>
		</dict>
		<key>663FCFEC16C9AF1C00CCBFB3</key>
		<dict>
			<key>children</key>
			<array>
				<string>663FCFF516C9AF3C00CCBFB3</string>
				<string>663FCFED16C9AF1C00CCBFB3</string>
				<string>663FCFEE16C9AF1C00CCBFB3</string>
				<string>663FCFEF16C9AF1C00CCBFB3</string>
				<string>663FCFF016C9AF1C00CCBFB3</string>
			</array>
			<key>isa</key>
			<string>PBXGroup</string>
			<key>path</key>
			<string>apache-licensed-from-svg-android</string>
			<key>sourceTree</key>
			<string>&lt;group&gt;</string>
		</dict>
		<key>663FCFED16C9AF1C00CCBFB3</key>
		<dict>
			<key>fileEncoding</key>
			<string>4</string>
			<key>isa</key>
			<string>PBXFileReference</string>
			<key>lastKnownFileType</key>
			<string>text.xml</string>
			<key>path</key>
			<string>gradients.svg</string>
			<key>sourceTree</key>
			<string>&lt;group&gt;</string>
		</dict>
		<key>663FCFEE16C9AF1C00CCBFB3</key>
		<dict>
			<key>fileEncoding</key>
			<string>4</string>
			<key>isa</key>
			<string>PBXFileReference</string>
			<key>lastKnownFileType</key>
			<string>text.xml</string>
			<key>path</key>
			<string>shapes.svg</string>
			<key>sourceTree</key>
			<string>&lt;group&gt;</string>
		</dict>
		<key>663FCFEF16C9AF1C00CCBFB3</key>
		<dict>
			<key>fileEncoding</key>
			<string>4</string>
			<key>isa</key>
			<string>PBXFileReference</string>
			<key>lastKnownFileType</key>
			<string>text.xml</string>
			<key>path</key>
			<string>strokes.svg</string>
			<key>sourceTree</key>
			<string>&lt;group&gt;</string>
		</dict>
		<key>663FCFF016C9AF1C00CCBFB3</key>
		<dict>
			<key>fileEncoding</key>
			<string>4</string>
			<key>isa</key>
			<string>PBXFileReference</string>
			<key>lastKnownFileType</key>
			<string>text.xml</string>
			<key>path</key>
			<string>transformations.svg</string>
			<key>sourceTree</key>
			<string>&lt;group&gt;</string>
		</dict>
		<key>663FCFF116C9AF1C00CCBFB3</key>
		<dict>
			<key>fileRef</key>
			<string>663FCFED16C9AF1C00CCBFB3</string>
			<key>isa</key>
			<string>PBXBuildFile</string>
		</dict>
		<key>663FCFF216C9AF1C00CCBFB3</key>
		<dict>
			<key>fileRef</key>
			<string>663FCFEE16C9AF1C00CCBFB3</string>
			<key>isa</key>
			<string>PBXBuildFile</string>
		</dict>
		<key>663FCFF316C9AF1C00CCBFB3</key>
		<dict>
			<key>fileRef</key>
			<string>663FCFEF16C9AF1C00CCBFB3</string>
			<key>isa</key>
			<string>PBXBuildFile</string>
		</dict>
		<key>663FCFF416C9AF1C00CCBFB3</key>
		<dict>
			<key>fileRef</key>
			<string>663FCFF016C9AF1C00CCBFB3</string>
			<key>isa</key>
			<string>PBXBuildFile</string>
		</dict>
		<key>663FCFF516C9AF3C00CCBFB3</key>
		<dict>
			<key>fileEncoding</key>
			<string>4</string>
			<key>isa</key>
			<string>PBXFileReference</string>
			<key>lastKnownFileType</key>
			<string>text</string>
			<key>path</key>
			<string>Sample Licenses from svg-android project.txt</string>
			<key>sourceTree</key>
			<string>&lt;group&gt;</string>
		</dict>
		<key>663FCFF616C9AF3C00CCBFB3</key>
		<dict>
			<key>fileRef</key>
			<string>663FCFF516C9AF3C00CCBFB3</string>
			<key>isa</key>
			<string>PBXBuildFile</string>
		</dict>
		<key>663FD00316CAB16B00CCBFB3</key>
		<dict>
			<key>fileEncoding</key>
			<string>4</string>
			<key>isa</key>
			<string>PBXFileReference</string>
			<key>lastKnownFileType</key>
			<string>text.xml</string>
			<key>path</key>
			<string>groups-and-layers-test.svg</string>
			<key>sourceTree</key>
			<string>&lt;group&gt;</string>
		</dict>
		<key>663FD00416CAB16B00CCBFB3</key>
		<dict>
			<key>fileRef</key>
			<string>663FD00316CAB16B00CCBFB3</string>
			<key>isa</key>
			<string>PBXBuildFile</string>
		</dict>
		<key>6649E0AC1617479200AFE92A</key>
		<dict>
			<key>isa</key>
			<string>PBXFileReference</string>
			<key>lastKnownFileType</key>
			<string>wrapper.framework</string>
			<key>name</key>
			<string>QuartzCore.framework</string>
			<key>path</key>
			<string>System/Library/Frameworks/QuartzCore.framework</string>
			<key>sourceTree</key>
			<string>SDKROOT</string>
		</dict>
		<key>6649E0AD1617479200AFE92A</key>
		<dict>
			<key>fileRef</key>
			<string>6649E0AC1617479200AFE92A</string>
			<key>isa</key>
			<string>PBXBuildFile</string>
		</dict>
		<key>6649E1021617574600AFE92A</key>
		<dict>
			<key>isa</key>
			<string>PBXFileReference</string>
			<key>lastKnownFileType</key>
			<string>wrapper.pb-project</string>
			<key>path</key>
			<string>SVGKit-iOS.xcodeproj</string>
			<key>sourceTree</key>
			<string>&lt;group&gt;</string>
		</dict>
		<key>6649E1031617574600AFE92A</key>
		<dict>
			<key>children</key>
			<array>
				<string>6649E10A1617574700AFE92A</string>
				<string>E203AF901A0AC14F000DE028</string>
			</array>
			<key>isa</key>
			<string>PBXGroup</string>
			<key>name</key>
			<string>Products</string>
			<key>sourceTree</key>
			<string>&lt;group&gt;</string>
		</dict>
		<key>6649E1091617574700AFE92A</key>
		<dict>
			<key>containerPortal</key>
			<string>6649E1021617574600AFE92A</string>
			<key>isa</key>
			<string>PBXContainerItemProxy</string>
			<key>proxyType</key>
			<string>2</string>
			<key>remoteGlobalIDString</key>
			<string>6639618E16145D0400E58CCA</string>
			<key>remoteInfo</key>
			<string>SVGKit-iOS</string>
		</dict>
		<key>6649E10A1617574700AFE92A</key>
		<dict>
			<key>fileType</key>
			<string>archive.ar</string>
			<key>isa</key>
			<string>PBXReferenceProxy</string>
			<key>path</key>
			<string>libSVGKit-iOS.1.2.0.a</string>
			<key>remoteRef</key>
			<string>6649E1091617574700AFE92A</string>
			<key>sourceTree</key>
			<string>BUILT_PRODUCTS_DIR</string>
		</dict>
		<key>6649E10D1617577000AFE92A</key>
		<dict>
			<key>fileRef</key>
			<string>6649E10A1617574700AFE92A</string>
			<key>isa</key>
			<string>PBXBuildFile</string>
		</dict>
		<key>6649E10E1617578500AFE92A</key>
		<dict>
			<key>isa</key>
			<string>PBXFileReference</string>
			<key>lastKnownFileType</key>
			<string>compiled.mach-o.dylib</string>
			<key>name</key>
			<string>libxml2.dylib</string>
			<key>path</key>
			<string>usr/lib/libxml2.dylib</string>
			<key>sourceTree</key>
			<string>SDKROOT</string>
		</dict>
		<key>6649E10F1617578500AFE92A</key>
		<dict>
			<key>fileRef</key>
			<string>6649E10E1617578500AFE92A</string>
			<key>isa</key>
			<string>PBXBuildFile</string>
		</dict>
		<key>665E07F216CE81DD00D6934D</key>
		<dict>
			<key>fileEncoding</key>
			<string>4</string>
			<key>isa</key>
			<string>PBXFileReference</string>
			<key>lastKnownFileType</key>
			<string>text.xml</string>
			<key>path</key>
			<string>g-element-applies-rotation.svg</string>
			<key>sourceTree</key>
			<string>&lt;group&gt;</string>
		</dict>
		<key>665E07F316CE81DD00D6934D</key>
		<dict>
			<key>fileRef</key>
			<string>665E07F216CE81DD00D6934D</string>
			<key>isa</key>
			<string>PBXBuildFile</string>
		</dict>
		<key>6661A77C1698BBE20061E349</key>
		<dict>
			<key>isa</key>
			<string>PBXFileReference</string>
			<key>lastKnownFileType</key>
			<string>wrapper.framework</string>
			<key>name</key>
			<string>CoreText.framework</string>
			<key>path</key>
			<string>System/Library/Frameworks/CoreText.framework</string>
			<key>sourceTree</key>
			<string>SDKROOT</string>
		</dict>
		<key>6661A77D1698BBE20061E349</key>
		<dict>
			<key>fileRef</key>
			<string>6661A77C1698BBE20061E349</string>
			<key>isa</key>
			<string>PBXBuildFile</string>
		</dict>
		<key>667CA17B181D552A00E49B68</key>
		<dict>
			<key>fileEncoding</key>
			<string>4</string>
			<key>isa</key>
			<string>PBXFileReference</string>
			<key>lastKnownFileType</key>
			<string>text.xml</string>
			<key>path</key>
			<string>BlankMap-World6-Equirectangular.svg</string>
			<key>sourceTree</key>
			<string>&lt;group&gt;</string>
		</dict>
		<key>667CA17C181D552A00E49B68</key>
		<dict>
			<key>fileRef</key>
			<string>667CA17B181D552A00E49B68</string>
			<key>isa</key>
			<string>PBXBuildFile</string>
		</dict>
		<key>667CA17F181D590300E49B68</key>
		<dict>
			<key>fileEncoding</key>
			<string>4</string>
			<key>isa</key>
			<string>PBXFileReference</string>
			<key>lastKnownFileType</key>
			<string>text.xml</string>
			<key>path</key>
			<string>quad01.svg</string>
			<key>sourceTree</key>
			<string>&lt;group&gt;</string>
		</dict>
		<key>667CA180181D590300E49B68</key>
		<dict>
			<key>fileRef</key>
			<string>667CA17F181D590300E49B68</string>
			<key>isa</key>
			<string>PBXBuildFile</string>
		</dict>
		<key>667CA181181D598F00E49B68</key>
		<dict>
			<key>fileEncoding</key>
			<string>4</string>
			<key>isa</key>
			<string>PBXFileReference</string>
			<key>lastKnownFileType</key>
			<string>text.xml</string>
			<key>path</key>
			<string>cubic01.svg</string>
			<key>sourceTree</key>
			<string>&lt;group&gt;</string>
		</dict>
		<key>667CA182181D598F00E49B68</key>
		<dict>
			<key>fileRef</key>
			<string>667CA181181D598F00E49B68</string>
			<key>isa</key>
			<string>PBXBuildFile</string>
		</dict>
		<key>66A09C9F16CFE67B003CD5CD</key>
		<dict>
			<key>children</key>
			<array>
				<string>E203AF8C1A0AC14F000DE028</string>
				<string>667CA181181D598F00E49B68</string>
				<string>66A09CA016CFE67B003CD5CD</string>
				<string>66A09CA116CFE67B003CD5CD</string>
				<string>66A09CA216CFE67B003CD5CD</string>
				<string>667CA17F181D590300E49B68</string>
				<string>66A09CA316CFE67B003CD5CD</string>
				<string>66A09CA416CFE67B003CD5CD</string>
				<string>66A09CA516CFE67B003CD5CD</string>
			</array>
			<key>isa</key>
			<string>PBXGroup</string>
			<key>path</key>
			<string>svg spec examples</string>
			<key>sourceTree</key>
			<string>&lt;group&gt;</string>
		</dict>
		<key>66A09CA016CFE67B003CD5CD</key>
		<dict>
			<key>fileEncoding</key>
			<string>4</string>
			<key>isa</key>
			<string>PBXFileReference</string>
			<key>lastKnownFileType</key>
			<string>text.xml</string>
			<key>path</key>
			<string>lingrad01.svg</string>
			<key>sourceTree</key>
			<string>&lt;group&gt;</string>
		</dict>
		<key>66A09CA116CFE67B003CD5CD</key>
		<dict>
			<key>fileEncoding</key>
			<string>4</string>
			<key>isa</key>
			<string>PBXFileReference</string>
			<key>lastKnownFileType</key>
			<string>text.xml</string>
			<key>path</key>
			<string>opacity01.svg</string>
			<key>sourceTree</key>
			<string>&lt;group&gt;</string>
		</dict>
		<key>66A09CA216CFE67B003CD5CD</key>
		<dict>
			<key>fileEncoding</key>
			<string>4</string>
			<key>isa</key>
			<string>PBXFileReference</string>
			<key>lastKnownFileType</key>
			<string>text.xml</string>
			<key>path</key>
			<string>PreserveAspectRatio.svg</string>
			<key>sourceTree</key>
			<string>&lt;group&gt;</string>
		</dict>
		<key>66A09CA316CFE67B003CD5CD</key>
		<dict>
			<key>fileEncoding</key>
			<string>4</string>
			<key>isa</key>
			<string>PBXFileReference</string>
			<key>lastKnownFileType</key>
			<string>text.xml</string>
			<key>path</key>
			<string>StyleAttribute.svg</string>
			<key>sourceTree</key>
			<string>&lt;group&gt;</string>
		</dict>
		<key>66A09CA416CFE67B003CD5CD</key>
		<dict>
			<key>fileEncoding</key>
			<string>4</string>
			<key>isa</key>
			<string>PBXFileReference</string>
			<key>lastKnownFileType</key>
			<string>text.xml</string>
			<key>path</key>
			<string>text01.svg</string>
			<key>sourceTree</key>
			<string>&lt;group&gt;</string>
		</dict>
		<key>66A09CA516CFE67B003CD5CD</key>
		<dict>
			<key>fileEncoding</key>
			<string>4</string>
			<key>isa</key>
			<string>PBXFileReference</string>
			<key>lastKnownFileType</key>
			<string>text.xml</string>
			<key>path</key>
			<string>tspan01.svg</string>
			<key>sourceTree</key>
			<string>&lt;group&gt;</string>
		</dict>
		<key>66A09CA616CFE67B003CD5CD</key>
		<dict>
			<key>fileRef</key>
			<string>66A09CA016CFE67B003CD5CD</string>
			<key>isa</key>
			<string>PBXBuildFile</string>
		</dict>
		<key>66A09CA716CFE67B003CD5CD</key>
		<dict>
			<key>fileRef</key>
			<string>66A09CA116CFE67B003CD5CD</string>
			<key>isa</key>
			<string>PBXBuildFile</string>
		</dict>
		<key>66A09CA816CFE67B003CD5CD</key>
		<dict>
			<key>fileRef</key>
			<string>66A09CA216CFE67B003CD5CD</string>
			<key>isa</key>
			<string>PBXBuildFile</string>
		</dict>
		<key>66A09CA916CFE67B003CD5CD</key>
		<dict>
			<key>fileRef</key>
			<string>66A09CA316CFE67B003CD5CD</string>
			<key>isa</key>
			<string>PBXBuildFile</string>
		</dict>
		<key>66A09CAA16CFE67B003CD5CD</key>
		<dict>
			<key>fileRef</key>
			<string>66A09CA416CFE67B003CD5CD</string>
			<key>isa</key>
			<string>PBXBuildFile</string>
		</dict>
		<key>66A09CAB16CFE67B003CD5CD</key>
		<dict>
			<key>fileRef</key>
			<string>66A09CA516CFE67B003CD5CD</string>
			<key>isa</key>
			<string>PBXBuildFile</string>
		</dict>
		<key>66A9F4431688C66E000D4A2E</key>
		<dict>
			<key>fileEncoding</key>
			<string>4</string>
			<key>isa</key>
			<string>PBXFileReference</string>
			<key>lastKnownFileType</key>
			<string>text.xml</string>
			<key>path</key>
			<string>RainbowWing.svg</string>
			<key>sourceTree</key>
			<string>&lt;group&gt;</string>
		</dict>
		<key>66A9F4441688C66E000D4A2E</key>
		<dict>
			<key>fileRef</key>
			<string>66A9F4431688C66E000D4A2E</string>
			<key>isa</key>
			<string>PBXBuildFile</string>
		</dict>
		<key>66B695EF199BFAC900F8E7EE</key>
		<dict>
			<key>fileEncoding</key>
			<string>4</string>
			<key>isa</key>
			<string>PBXFileReference</string>
			<key>lastKnownFileType</key>
			<string>text.xml</string>
			<key>path</key>
			<string>imagetag-layered.svg</string>
			<key>sourceTree</key>
			<string>&lt;group&gt;</string>
		</dict>
		<key>66B695F0199BFAC900F8E7EE</key>
		<dict>
			<key>isa</key>
			<string>PBXFileReference</string>
			<key>lastKnownFileType</key>
			<string>image.png</string>
			<key>path</key>
			<string>bird-1382034603Euc-cropped.png</string>
			<key>sourceTree</key>
			<string>&lt;group&gt;</string>
		</dict>
		<key>66B695F1199BFAC900F8E7EE</key>
		<dict>
			<key>fileEncoding</key>
			<string>4</string>
			<key>isa</key>
			<string>PBXFileReference</string>
			<key>lastKnownFileType</key>
			<string>text.xml</string>
			<key>path</key>
			<string>imagetag-layer2-sun.svg</string>
			<key>sourceTree</key>
			<string>&lt;group&gt;</string>
		</dict>
		<key>66B695F2199BFAC900F8E7EE</key>
		<dict>
			<key>fileRef</key>
			<string>66B695EF199BFAC900F8E7EE</string>
			<key>isa</key>
			<string>PBXBuildFile</string>
		</dict>
		<key>66B695F3199BFAC900F8E7EE</key>
		<dict>
			<key>fileRef</key>
			<string>66B695F0199BFAC900F8E7EE</string>
			<key>isa</key>
			<string>PBXBuildFile</string>
		</dict>
		<key>66B695F4199BFAC900F8E7EE</key>
		<dict>
			<key>fileRef</key>
			<string>66B695F1199BFAC900F8E7EE</string>
			<key>isa</key>
			<string>PBXBuildFile</string>
		</dict>
		<key>66C43EA818398E6E00299662</key>
		<dict>
			<key>fileEncoding</key>
			<string>4</string>
			<key>isa</key>
			<string>PBXFileReference</string>
			<key>lastKnownFileType</key>
			<string>text.xml</string>
			<key>path</key>
			<string>sakamura-default-fill-opacity-test.svg</string>
			<key>sourceTree</key>
			<string>&lt;group&gt;</string>
		</dict>
		<key>66C43EA918398E6E00299662</key>
		<dict>
			<key>fileRef</key>
			<string>66C43EA818398E6E00299662</string>
			<key>isa</key>
			<string>PBXBuildFile</string>
		</dict>
		<key>66E785A8171A1208001EF59D</key>
		<dict>
			<key>containerPortal</key>
			<string>6649E1021617574600AFE92A</string>
			<key>isa</key>
			<string>PBXContainerItemProxy</string>
			<key>proxyType</key>
			<string>1</string>
			<key>remoteGlobalIDString</key>
			<string>6639618D16145D0400E58CCA</string>
			<key>remoteInfo</key>
			<string>SVGKit-iOS</string>
		</dict>
		<key>66E785A9171A1208001EF59D</key>
		<dict>
			<key>isa</key>
			<string>PBXTargetDependency</string>
			<key>name</key>
			<string>SVGKit-iOS</string>
			<key>targetProxy</key>
			<string>66E785A8171A1208001EF59D</string>
		</dict>
		<key>66E785AA171A228A001EF59D</key>
		<dict>
			<key>fileEncoding</key>
			<string>4</string>
			<key>isa</key>
			<string>PBXFileReference</string>
			<key>lastKnownFileType</key>
			<string>text.xml</string>
			<key>path</key>
			<string>svg-with-explicit-width.svg</string>
			<key>sourceTree</key>
			<string>&lt;group&gt;</string>
		</dict>
		<key>66E785AB171A228A001EF59D</key>
		<dict>
			<key>fileRef</key>
			<string>66E785AA171A228A001EF59D</string>
			<key>isa</key>
			<string>PBXBuildFile</string>
		</dict>
		<key>66E785AC171A2345001EF59D</key>
		<dict>
			<key>fileEncoding</key>
			<string>4</string>
			<key>isa</key>
			<string>PBXFileReference</string>
			<key>lastKnownFileType</key>
			<string>text.xml</string>
			<key>path</key>
			<string>svg-with-explicit-width-large.svg</string>
			<key>sourceTree</key>
			<string>&lt;group&gt;</string>
		</dict>
		<key>66E785AD171A2345001EF59D</key>
		<dict>
			<key>fileRef</key>
			<string>66E785AC171A2345001EF59D</string>
			<key>isa</key>
			<string>PBXBuildFile</string>
		</dict>
		<key>66E862561688BA0B0059C9C4</key>
		<dict>
			<key>children</key>
			<array>
				<string>66E862571688BA0B0059C9C4</string>
				<string>66E862581688BA0B0059C9C4</string>
				<string>66E862591688BA0B0059C9C4</string>
				<string>66E8625A1688BA0B0059C9C4</string>
				<string>66E8625B1688BA0B0059C9C4</string>
				<string>66E8625C1688BA0B0059C9C4</string>
				<string>66E8625D1688BA0B0059C9C4</string>
				<string>66E8625E1688BA0B0059C9C4</string>
				<string>66E862601688BA0B0059C9C4</string>
				<string>66E862621688BA0B0059C9C4</string>
				<string>66E862641688BA0B0059C9C4</string>
				<string>66E862661688BA0B0059C9C4</string>
				<string>66E862681688BA0B0059C9C4</string>
				<string>66E862691688BA0B0059C9C4</string>
				<string>66E8626A1688BA0B0059C9C4</string>
			</array>
			<key>isa</key>
			<string>PBXGroup</string>
			<key>name</key>
			<string>Demo-iOS</string>
			<key>path</key>
			<string>XCodeProjectData/Demo-iOS</string>
			<key>sourceTree</key>
			<string>&lt;group&gt;</string>
		</dict>
		<key>66E862571688BA0B0059C9C4</key>
		<dict>
			<key>fileEncoding</key>
			<string>4</string>
			<key>isa</key>
			<string>PBXFileReference</string>
			<key>lastKnownFileType</key>
			<string>sourcecode.c.h</string>
			<key>path</key>
			<string>AppDelegate.h</string>
			<key>sourceTree</key>
			<string>&lt;group&gt;</string>
		</dict>
		<key>66E862581688BA0B0059C9C4</key>
		<dict>
			<key>fileEncoding</key>
			<string>4</string>
			<key>isa</key>
			<string>PBXFileReference</string>
			<key>lastKnownFileType</key>
			<string>sourcecode.c.objc</string>
			<key>path</key>
			<string>AppDelegate.m</string>
			<key>sourceTree</key>
			<string>&lt;group&gt;</string>
		</dict>
		<key>66E862591688BA0B0059C9C4</key>
		<dict>
			<key>isa</key>
			<string>PBXFileReference</string>
			<key>lastKnownFileType</key>
			<string>image.png</string>
			<key>path</key>
			<string>Default-568h@2x.png</string>
			<key>sourceTree</key>
			<string>&lt;group&gt;</string>
		</dict>
		<key>66E8625A1688BA0B0059C9C4</key>
		<dict>
			<key>fileEncoding</key>
			<string>4</string>
			<key>isa</key>
			<string>PBXFileReference</string>
			<key>lastKnownFileType</key>
			<string>text.plist.xml</string>
			<key>path</key>
			<string>Demo-iOS-Info.plist</string>
			<key>sourceTree</key>
			<string>&lt;group&gt;</string>
		</dict>
		<key>66E8625B1688BA0B0059C9C4</key>
		<dict>
			<key>fileEncoding</key>
			<string>4</string>
			<key>isa</key>
			<string>PBXFileReference</string>
			<key>lastKnownFileType</key>
			<string>sourcecode.c.h</string>
			<key>path</key>
			<string>Demo-iOS-Prefix.pch</string>
			<key>sourceTree</key>
			<string>&lt;group&gt;</string>
		</dict>
		<key>66E8625C1688BA0B0059C9C4</key>
		<dict>
			<key>fileEncoding</key>
			<string>4</string>
			<key>isa</key>
			<string>PBXFileReference</string>
			<key>lastKnownFileType</key>
			<string>sourcecode.c.h</string>
			<key>path</key>
			<string>DetailViewController.h</string>
			<key>sourceTree</key>
			<string>&lt;group&gt;</string>
		</dict>
		<key>66E8625D1688BA0B0059C9C4</key>
		<dict>
			<key>fileEncoding</key>
			<string>4</string>
			<key>isa</key>
			<string>PBXFileReference</string>
			<key>lastKnownFileType</key>
			<string>sourcecode.c.objc</string>
			<key>path</key>
			<string>DetailViewController.m</string>
			<key>sourceTree</key>
			<string>&lt;group&gt;</string>
		</dict>
		<key>66E8625E1688BA0B0059C9C4</key>
		<dict>
			<key>children</key>
			<array>
				<string>66E8625F1688BA0B0059C9C4</string>
			</array>
			<key>isa</key>
			<string>PBXVariantGroup</string>
			<key>name</key>
			<string>InfoPlist.strings</string>
			<key>sourceTree</key>
			<string>&lt;group&gt;</string>
		</dict>
		<key>66E8625F1688BA0B0059C9C4</key>
		<dict>
			<key>isa</key>
			<string>PBXFileReference</string>
			<key>lastKnownFileType</key>
			<string>text.plist.strings</string>
			<key>name</key>
			<string>en</string>
			<key>path</key>
			<string>en.lproj/InfoPlist.strings</string>
			<key>sourceTree</key>
			<string>&lt;group&gt;</string>
		</dict>
		<key>66E862601688BA0B0059C9C4</key>
		<dict>
			<key>children</key>
			<array>
				<string>66E862611688BA0B0059C9C4</string>
			</array>
			<key>isa</key>
			<string>PBXVariantGroup</string>
			<key>name</key>
			<string>iPadDetailViewController.xib</string>
			<key>sourceTree</key>
			<string>&lt;group&gt;</string>
		</dict>
		<key>66E862611688BA0B0059C9C4</key>
		<dict>
			<key>isa</key>
			<string>PBXFileReference</string>
			<key>lastKnownFileType</key>
			<string>file.xib</string>
			<key>name</key>
			<string>en</string>
			<key>path</key>
			<string>en.lproj/iPadDetailViewController.xib</string>
			<key>sourceTree</key>
			<string>&lt;group&gt;</string>
		</dict>
		<key>66E862621688BA0B0059C9C4</key>
		<dict>
			<key>children</key>
			<array>
				<string>66E862631688BA0B0059C9C4</string>
			</array>
			<key>isa</key>
			<string>PBXVariantGroup</string>
			<key>name</key>
			<string>iPhoneDetailViewController.xib</string>
			<key>sourceTree</key>
			<string>&lt;group&gt;</string>
		</dict>
		<key>66E862631688BA0B0059C9C4</key>
		<dict>
			<key>isa</key>
			<string>PBXFileReference</string>
			<key>lastKnownFileType</key>
			<string>file.xib</string>
			<key>name</key>
			<string>en</string>
			<key>path</key>
			<string>en.lproj/iPhoneDetailViewController.xib</string>
			<key>sourceTree</key>
			<string>&lt;group&gt;</string>
		</dict>
		<key>66E862641688BA0B0059C9C4</key>
		<dict>
			<key>children</key>
			<array>
				<string>66E862651688BA0B0059C9C4</string>
			</array>
			<key>isa</key>
			<string>PBXVariantGroup</string>
			<key>name</key>
			<string>MasterViewController_iPad.xib</string>
			<key>sourceTree</key>
			<string>&lt;group&gt;</string>
		</dict>
		<key>66E862651688BA0B0059C9C4</key>
		<dict>
			<key>isa</key>
			<string>PBXFileReference</string>
			<key>lastKnownFileType</key>
			<string>file.xib</string>
			<key>name</key>
			<string>en</string>
			<key>path</key>
			<string>en.lproj/MasterViewController_iPad.xib</string>
			<key>sourceTree</key>
			<string>&lt;group&gt;</string>
		</dict>
		<key>66E862661688BA0B0059C9C4</key>
		<dict>
			<key>children</key>
			<array>
				<string>66E862671688BA0B0059C9C4</string>
			</array>
			<key>isa</key>
			<string>PBXVariantGroup</string>
			<key>name</key>
			<string>MasterViewController_iPhone.xib</string>
			<key>sourceTree</key>
			<string>&lt;group&gt;</string>
		</dict>
		<key>66E862671688BA0B0059C9C4</key>
		<dict>
			<key>isa</key>
			<string>PBXFileReference</string>
			<key>lastKnownFileType</key>
			<string>file.xib</string>
			<key>name</key>
			<string>en</string>
			<key>path</key>
			<string>en.lproj/MasterViewController_iPhone.xib</string>
			<key>sourceTree</key>
			<string>&lt;group&gt;</string>
		</dict>
		<key>66E862681688BA0B0059C9C4</key>
		<dict>
			<key>fileEncoding</key>
			<string>4</string>
			<key>isa</key>
			<string>PBXFileReference</string>
			<key>lastKnownFileType</key>
			<string>sourcecode.c.objc</string>
			<key>path</key>
			<string>main.m</string>
			<key>sourceTree</key>
			<string>&lt;group&gt;</string>
		</dict>
		<key>66E862691688BA0B0059C9C4</key>
		<dict>
			<key>fileEncoding</key>
			<string>4</string>
			<key>isa</key>
			<string>PBXFileReference</string>
			<key>lastKnownFileType</key>
			<string>sourcecode.c.h</string>
			<key>path</key>
			<string>MasterViewController.h</string>
			<key>sourceTree</key>
			<string>&lt;group&gt;</string>
		</dict>
		<key>66E8626A1688BA0B0059C9C4</key>
		<dict>
			<key>fileEncoding</key>
			<string>4</string>
			<key>isa</key>
			<string>PBXFileReference</string>
			<key>lastKnownFileType</key>
			<string>sourcecode.c.objc</string>
			<key>path</key>
			<string>MasterViewController.m</string>
			<key>sourceTree</key>
			<string>&lt;group&gt;</string>
		</dict>
		<key>66E8626B1688BA0B0059C9C4</key>
		<dict>
			<key>fileRef</key>
			<string>66E862581688BA0B0059C9C4</string>
			<key>isa</key>
			<string>PBXBuildFile</string>
		</dict>
		<key>66E8626C1688BA0B0059C9C4</key>
		<dict>
			<key>fileRef</key>
			<string>66E862591688BA0B0059C9C4</string>
			<key>isa</key>
			<string>PBXBuildFile</string>
		</dict>
		<key>66E8626E1688BA0B0059C9C4</key>
		<dict>
			<key>fileRef</key>
			<string>66E8625D1688BA0B0059C9C4</string>
			<key>isa</key>
			<string>PBXBuildFile</string>
		</dict>
		<key>66E8626F1688BA0B0059C9C4</key>
		<dict>
			<key>fileRef</key>
			<string>66E8625E1688BA0B0059C9C4</string>
			<key>isa</key>
			<string>PBXBuildFile</string>
		</dict>
		<key>66E862701688BA0B0059C9C4</key>
		<dict>
			<key>fileRef</key>
			<string>66E862601688BA0B0059C9C4</string>
			<key>isa</key>
			<string>PBXBuildFile</string>
		</dict>
		<key>66E862711688BA0B0059C9C4</key>
		<dict>
			<key>fileRef</key>
			<string>66E862621688BA0B0059C9C4</string>
			<key>isa</key>
			<string>PBXBuildFile</string>
		</dict>
		<key>66E862721688BA0B0059C9C4</key>
		<dict>
			<key>fileRef</key>
			<string>66E862641688BA0B0059C9C4</string>
			<key>isa</key>
			<string>PBXBuildFile</string>
		</dict>
		<key>66E862731688BA0B0059C9C4</key>
		<dict>
			<key>fileRef</key>
			<string>66E862661688BA0B0059C9C4</string>
			<key>isa</key>
			<string>PBXBuildFile</string>
		</dict>
		<key>66E862741688BA0B0059C9C4</key>
		<dict>
			<key>fileRef</key>
			<string>66E862681688BA0B0059C9C4</string>
			<key>isa</key>
			<string>PBXBuildFile</string>
		</dict>
		<key>66E862751688BA0B0059C9C4</key>
		<dict>
			<key>fileRef</key>
			<string>66E8626A1688BA0B0059C9C4</string>
			<key>isa</key>
			<string>PBXBuildFile</string>
		</dict>
		<key>66E862761688BA510059C9C4</key>
		<dict>
			<key>children</key>
			<array>
				<string>66E8627A1688BA510059C9C4</string>
				<string>66E862771688BA510059C9C4</string>
				<string>66E8627B1688BA510059C9C4</string>
			</array>
			<key>isa</key>
			<string>PBXGroup</string>
			<key>path</key>
			<string>Demo-Samples</string>
			<key>sourceTree</key>
			<string>&lt;group&gt;</string>
		</dict>
		<key>66E862771688BA510059C9C4</key>
		<dict>
			<key>children</key>
			<array>
				<string>BD15857D199909C400461AA5</string>
				<string>66E862781688BA510059C9C4</string>
				<string>66E862791688BA510059C9C4</string>
				<string>BDC40147199AA42C00DFEA27</string>
			</array>
			<key>isa</key>
			<string>PBXGroup</string>
			<key>path</key>
			<string>Bitmap</string>
			<key>sourceTree</key>
			<string>&lt;group&gt;</string>
		</dict>
		<key>66E862781688BA510059C9C4</key>
		<dict>
			<key>isa</key>
			<string>PBXFileReference</string>
			<key>lastKnownFileType</key>
			<string>image.png</string>
			<key>path</key>
			<string>Monkey.png</string>
			<key>sourceTree</key>
			<string>&lt;group&gt;</string>
		</dict>
		<key>66E862791688BA510059C9C4</key>
		<dict>
			<key>isa</key>
			<string>PBXFileReference</string>
			<key>lastKnownFileType</key>
			<string>image.png</string>
			<key>path</key>
			<string>Note.png</string>
			<key>sourceTree</key>
			<string>&lt;group&gt;</string>
		</dict>
		<key>66E8627A1688BA510059C9C4</key>
		<dict>
			<key>fileEncoding</key>
			<string>4</string>
			<key>isa</key>
			<string>PBXFileReference</string>
			<key>lastKnownFileType</key>
			<string>text</string>
			<key>path</key>
			<string>Sample Licenses.txt</string>
			<key>sourceTree</key>
			<string>&lt;group&gt;</string>
		</dict>
		<key>66E8627B1688BA510059C9C4</key>
		<dict>
			<key>children</key>
			<array>
				<string>663FCFEC16C9AF1C00CCBFB3</string>
				<string>66A09C9F16CFE67B003CD5CD</string>
				<string>66B695EF199BFAC900F8E7EE</string>
				<string>66B695F0199BFAC900F8E7EE</string>
				<string>66B695F1199BFAC900F8E7EE</string>
				<string>663FD00316CAB16B00CCBFB3</string>
				<string>665E07F216CE81DD00D6934D</string>
				<string>66324BE116D24FA4001C1E83</string>
				<string>661ADBF916CC3399006F4BC3</string>
				<string>66E8627C1688BA510059C9C4</string>
				<string>66E8627D1688BA510059C9C4</string>
				<string>667CA17B181D552A00E49B68</string>
				<string>66E8627E1688BA510059C9C4</string>
				<string>9ED79A20179D83580048AA5B</string>
				<string>66E8627F1688BA510059C9C4</string>
				<string>66E862801688BA510059C9C4</string>
				<string>66E862811688BA510059C9C4</string>
				<string>66E862821688BA510059C9C4</string>
				<string>66E862831688BA510059C9C4</string>
				<string>66E862841688BA510059C9C4</string>
				<string>66F33DCC182FDE50004464AC</string>
				<string>66E862861688BA510059C9C4</string>
				<string>66E862871688BA510059C9C4</string>
				<string>66A9F4431688C66E000D4A2E</string>
				<string>66E862881688BA510059C9C4</string>
				<string>66E862891688BA510059C9C4</string>
				<string>66C43EA818398E6E00299662</string>
				<string>66E785AA171A228A001EF59D</string>
				<string>66E785AC171A2345001EF59D</string>
				<string>66E8628A1688BA510059C9C4</string>
				<string>556C405019A5122800733CBB</string>
				<string>66E8628B1688BA510059C9C4</string>
				<string>66E8628C1688BA510059C9C4</string>
				<string>66E8628D1688BA510059C9C4</string>
				<string>BD15857B199909B800461AA5</string>
				<string>BDC40145199AA41900DFEA27</string>
			</array>
			<key>isa</key>
			<string>PBXGroup</string>
			<key>path</key>
			<string>SVG</string>
			<key>sourceTree</key>
			<string>&lt;group&gt;</string>
		</dict>
		<key>66E8627C1688BA510059C9C4</key>
		<dict>
			<key>fileEncoding</key>
			<string>4</string>
			<key>isa</key>
			<string>PBXFileReference</string>
			<key>lastKnownFileType</key>
			<string>text.xml</string>
			<key>path</key>
			<string>australia_states_blank.svg</string>
			<key>sourceTree</key>
			<string>&lt;group&gt;</string>
		</dict>
		<key>66E8627D1688BA510059C9C4</key>
		<dict>
			<key>fileEncoding</key>
			<string>4</string>
			<key>isa</key>
			<string>PBXFileReference</string>
			<key>lastKnownFileType</key>
			<string>text.xml</string>
			<key>path</key>
			<string>Blank_Map-Africa.svg</string>
			<key>sourceTree</key>
			<string>&lt;group&gt;</string>
		</dict>
		<key>66E8627E1688BA510059C9C4</key>
		<dict>
			<key>fileEncoding</key>
			<string>4</string>
			<key>isa</key>
			<string>PBXFileReference</string>
			<key>lastKnownFileType</key>
			<string>text.xml</string>
			<key>path</key>
			<string>breaking-1.svg</string>
			<key>sourceTree</key>
			<string>&lt;group&gt;</string>
		</dict>
		<key>66E8627F1688BA510059C9C4</key>
		<dict>
			<key>fileEncoding</key>
			<string>4</string>
			<key>isa</key>
			<string>PBXFileReference</string>
			<key>lastKnownFileType</key>
			<string>text.xml</string>
			<key>path</key>
			<string>CurvedDiamond.svg</string>
			<key>sourceTree</key>
			<string>&lt;group&gt;</string>
		</dict>
		<key>66E862801688BA510059C9C4</key>
		<dict>
			<key>fileEncoding</key>
			<string>4</string>
			<key>isa</key>
			<string>PBXFileReference</string>
			<key>lastKnownFileType</key>
			<string>text.xml</string>
			<key>path</key>
			<string>Europe_states_reduced.svg</string>
			<key>sourceTree</key>
			<string>&lt;group&gt;</string>
		</dict>
		<key>66E862811688BA510059C9C4</key>
		<dict>
			<key>fileEncoding</key>
			<string>4</string>
			<key>isa</key>
			<string>PBXFileReference</string>
			<key>lastKnownFileType</key>
			<string>text</string>
			<key>path</key>
			<string>imageWithASinglePointPath.svg</string>
			<key>sourceTree</key>
			<string>&lt;group&gt;</string>
		</dict>
		<key>66E862821688BA510059C9C4</key>
		<dict>
			<key>fileEncoding</key>
			<string>4</string>
			<key>isa</key>
			<string>PBXFileReference</string>
			<key>lastKnownFileType</key>
			<string>text.xml</string>
			<key>path</key>
			<string>Lion.svg</string>
			<key>sourceTree</key>
			<string>&lt;group&gt;</string>
		</dict>
		<key>66E862831688BA510059C9C4</key>
		<dict>
			<key>fileEncoding</key>
			<string>4</string>
			<key>isa</key>
			<string>PBXFileReference</string>
			<key>lastKnownFileType</key>
			<string>text.xml</string>
			<key>path</key>
			<string>Location_European_nation_states.svg</string>
			<key>sourceTree</key>
			<string>&lt;group&gt;</string>
		</dict>
		<key>66E862841688BA510059C9C4</key>
		<dict>
			<key>fileEncoding</key>
			<string>4</string>
			<key>isa</key>
			<string>PBXFileReference</string>
			<key>lastKnownFileType</key>
			<string>text.xml</string>
			<key>path</key>
			<string>Map.svg</string>
			<key>sourceTree</key>
			<string>&lt;group&gt;</string>
		</dict>
		<key>66E862861688BA510059C9C4</key>
		<dict>
			<key>fileEncoding</key>
			<string>4</string>
			<key>isa</key>
			<string>PBXFileReference</string>
			<key>lastKnownFileType</key>
			<string>text.xml</string>
			<key>path</key>
			<string>Monkey.svg</string>
			<key>sourceTree</key>
			<string>&lt;group&gt;</string>
		</dict>
		<key>66E862871688BA510059C9C4</key>
		<dict>
			<key>fileEncoding</key>
			<string>4</string>
			<key>isa</key>
			<string>PBXFileReference</string>
			<key>lastKnownFileType</key>
			<string>text.xml</string>
			<key>path</key>
			<string>Note.svg</string>
			<key>sourceTree</key>
			<string>&lt;group&gt;</string>
		</dict>
		<key>66E862881688BA510059C9C4</key>
		<dict>
			<key>fileEncoding</key>
			<string>4</string>
			<key>isa</key>
			<string>PBXFileReference</string>
			<key>lastKnownFileType</key>
			<string>text.xml</string>
			<key>path</key>
			<string>Reinel_compass_rose-simplified-for-testing.svg</string>
			<key>sourceTree</key>
			<string>&lt;group&gt;</string>
		</dict>
		<key>66E862891688BA510059C9C4</key>
		<dict>
			<key>fileEncoding</key>
			<string>4</string>
			<key>isa</key>
			<string>PBXFileReference</string>
			<key>lastKnownFileType</key>
			<string>text.xml</string>
			<key>path</key>
			<string>Reinel_compass_rose.svg</string>
			<key>sourceTree</key>
			<string>&lt;group&gt;</string>
		</dict>
		<key>66E8628A1688BA510059C9C4</key>
		<dict>
			<key>fileEncoding</key>
			<string>4</string>
			<key>isa</key>
			<string>PBXFileReference</string>
			<key>lastKnownFileType</key>
			<string>text.xml</string>
			<key>path</key>
			<string>test-wave-1.svg</string>
			<key>sourceTree</key>
			<string>&lt;group&gt;</string>
		</dict>
		<key>66E8628B1688BA510059C9C4</key>
		<dict>
			<key>fileEncoding</key>
			<string>4</string>
			<key>isa</key>
			<string>PBXFileReference</string>
			<key>lastKnownFileType</key>
			<string>text.xml</string>
			<key>path</key>
			<string>Text.svg</string>
			<key>sourceTree</key>
			<string>&lt;group&gt;</string>
		</dict>
		<key>66E8628C1688BA510059C9C4</key>
		<dict>
			<key>fileEncoding</key>
			<string>4</string>
			<key>isa</key>
			<string>PBXFileReference</string>
			<key>lastKnownFileType</key>
			<string>text.xml</string>
			<key>path</key>
			<string>uk-only.svg</string>
			<key>sourceTree</key>
			<string>&lt;group&gt;</string>
		</dict>
		<key>66E8628D1688BA510059C9C4</key>
		<dict>
			<key>fileEncoding</key>
			<string>4</string>
			<key>isa</key>
			<string>PBXFileReference</string>
			<key>lastKnownFileType</key>
			<string>text.xml</string>
			<key>path</key>
			<string>voies.svg</string>
			<key>sourceTree</key>
			<string>&lt;group&gt;</string>
		</dict>
		<key>66E8628E1688BA510059C9C4</key>
		<dict>
			<key>fileRef</key>
			<string>66E862781688BA510059C9C4</string>
			<key>isa</key>
			<string>PBXBuildFile</string>
		</dict>
		<key>66E8628F1688BA510059C9C4</key>
		<dict>
			<key>fileRef</key>
			<string>66E862791688BA510059C9C4</string>
			<key>isa</key>
			<string>PBXBuildFile</string>
		</dict>
		<key>66E862911688BA510059C9C4</key>
		<dict>
			<key>fileRef</key>
			<string>66E8627C1688BA510059C9C4</string>
			<key>isa</key>
			<string>PBXBuildFile</string>
		</dict>
		<key>66E862921688BA510059C9C4</key>
		<dict>
			<key>fileRef</key>
			<string>66E8627D1688BA510059C9C4</string>
			<key>isa</key>
			<string>PBXBuildFile</string>
		</dict>
		<key>66E862931688BA510059C9C4</key>
		<dict>
			<key>fileRef</key>
			<string>66E8627E1688BA510059C9C4</string>
			<key>isa</key>
			<string>PBXBuildFile</string>
		</dict>
		<key>66E862941688BA510059C9C4</key>
		<dict>
			<key>fileRef</key>
			<string>66E8627F1688BA510059C9C4</string>
			<key>isa</key>
			<string>PBXBuildFile</string>
		</dict>
		<key>66E862951688BA510059C9C4</key>
		<dict>
			<key>fileRef</key>
			<string>66E862801688BA510059C9C4</string>
			<key>isa</key>
			<string>PBXBuildFile</string>
		</dict>
		<key>66E862961688BA510059C9C4</key>
		<dict>
			<key>fileRef</key>
			<string>66E862811688BA510059C9C4</string>
			<key>isa</key>
			<string>PBXBuildFile</string>
		</dict>
		<key>66E862971688BA510059C9C4</key>
		<dict>
			<key>fileRef</key>
			<string>66E862821688BA510059C9C4</string>
			<key>isa</key>
			<string>PBXBuildFile</string>
		</dict>
		<key>66E862981688BA510059C9C4</key>
		<dict>
			<key>fileRef</key>
			<string>66E862831688BA510059C9C4</string>
			<key>isa</key>
			<string>PBXBuildFile</string>
		</dict>
		<key>66E862991688BA510059C9C4</key>
		<dict>
			<key>fileRef</key>
			<string>66E862841688BA510059C9C4</string>
			<key>isa</key>
			<string>PBXBuildFile</string>
		</dict>
		<key>66E8629B1688BA510059C9C4</key>
		<dict>
			<key>fileRef</key>
			<string>66E862861688BA510059C9C4</string>
			<key>isa</key>
			<string>PBXBuildFile</string>
		</dict>
		<key>66E8629C1688BA510059C9C4</key>
		<dict>
			<key>fileRef</key>
			<string>66E862871688BA510059C9C4</string>
			<key>isa</key>
			<string>PBXBuildFile</string>
		</dict>
		<key>66E8629D1688BA510059C9C4</key>
		<dict>
			<key>fileRef</key>
			<string>66E862881688BA510059C9C4</string>
			<key>isa</key>
			<string>PBXBuildFile</string>
		</dict>
		<key>66E8629E1688BA510059C9C4</key>
		<dict>
			<key>fileRef</key>
			<string>66E862891688BA510059C9C4</string>
			<key>isa</key>
			<string>PBXBuildFile</string>
		</dict>
		<key>66E8629F1688BA510059C9C4</key>
		<dict>
			<key>fileRef</key>
			<string>66E8628A1688BA510059C9C4</string>
			<key>isa</key>
			<string>PBXBuildFile</string>
		</dict>
		<key>66E862A01688BA510059C9C4</key>
		<dict>
			<key>fileRef</key>
			<string>66E8628B1688BA510059C9C4</string>
			<key>isa</key>
			<string>PBXBuildFile</string>
		</dict>
		<key>66E862A11688BA510059C9C4</key>
		<dict>
			<key>fileRef</key>
			<string>66E8628C1688BA510059C9C4</string>
			<key>isa</key>
			<string>PBXBuildFile</string>
		</dict>
		<key>66E862A21688BA510059C9C4</key>
		<dict>
			<key>fileRef</key>
			<string>66E8628D1688BA510059C9C4</string>
			<key>isa</key>
			<string>PBXBuildFile</string>
		</dict>
		<key>66F33DCC182FDE50004464AC</key>
		<dict>
			<key>fileEncoding</key>
			<string>4</string>
			<key>isa</key>
			<string>PBXFileReference</string>
			<key>lastKnownFileType</key>
			<string>text.xml</string>
			<key>path</key>
			<string>map-alaska-onlysimple.svg</string>
			<key>sourceTree</key>
			<string>&lt;group&gt;</string>
		</dict>
		<key>66F33DCD182FDE50004464AC</key>
		<dict>
			<key>fileRef</key>
			<string>66F33DCC182FDE50004464AC</string>
			<key>isa</key>
			<string>PBXBuildFile</string>
		</dict>
		<key>8E77DE73192C7397952FEB0E</key>
		<dict>
			<key>buildActionMask</key>
			<string>2147483647</string>
			<key>files</key>
			<array/>
			<key>inputPaths</key>
			<array/>
			<key>isa</key>
			<string>PBXShellScriptBuildPhase</string>
			<key>name</key>
			<string>Copy Pods Resources</string>
			<key>outputPaths</key>
			<array/>
			<key>runOnlyForDeploymentPostprocessing</key>
			<string>0</string>
			<key>shellPath</key>
			<string>/bin/sh</string>
			<key>shellScript</key>
			<string>"${SRCROOT}/Pods/Target Support Files/Pods-Demo-iOS/Pods-Demo-iOS-resources.sh"
</string>
			<key>showEnvVarsInLog</key>
			<string>0</string>
		</dict>
		<key>9B4DCFA37BB1430F0AB1F6F9</key>
		<dict>
			<key>includeInIndex</key>
			<string>1</string>
			<key>isa</key>
			<string>PBXFileReference</string>
			<key>lastKnownFileType</key>
			<string>text.xcconfig</string>
			<key>name</key>
			<string>Pods-Demo-iOS.debug.xcconfig</string>
			<key>path</key>
			<string>Pods/Target Support Files/Pods-Demo-iOS/Pods-Demo-iOS.debug.xcconfig</string>
			<key>sourceTree</key>
			<string>&lt;group&gt;</string>
		</dict>
		<key>9ED79A20179D83580048AA5B</key>
		<dict>
			<key>fileEncoding</key>
			<string>4</string>
			<key>isa</key>
			<string>PBXFileReference</string>
			<key>lastKnownFileType</key>
			<string>text.xml</string>
			<key>path</key>
			<string>radialGradientTest.svg</string>
			<key>sourceTree</key>
			<string>&lt;group&gt;</string>
		</dict>
		<key>9ED79A21179D83580048AA5B</key>
		<dict>
			<key>fileRef</key>
			<string>9ED79A20179D83580048AA5B</string>
			<key>isa</key>
			<string>PBXBuildFile</string>
		</dict>
		<key>BBBC73B5A6002D8D159A17C2</key>
		<dict>
			<key>children</key>
			<array>
				<string>9B4DCFA37BB1430F0AB1F6F9</string>
				<string>2BF8719E228B8909B43BCC5A</string>
			</array>
			<key>isa</key>
			<string>PBXGroup</string>
			<key>name</key>
			<string>Pods</string>
			<key>sourceTree</key>
			<string>&lt;group&gt;</string>
		</dict>
		<key>BD15857B199909B800461AA5</key>
		<dict>
			<key>fileEncoding</key>
			<string>4</string>
			<key>isa</key>
			<string>PBXFileReference</string>
			<key>lastKnownFileType</key>
			<string>text.xml</string>
			<key>path</key>
			<string>Coins.svg</string>
			<key>sourceTree</key>
			<string>&lt;group&gt;</string>
		</dict>
		<key>BD15857C199909B800461AA5</key>
		<dict>
			<key>fileRef</key>
			<string>BD15857B199909B800461AA5</string>
			<key>isa</key>
			<string>PBXBuildFile</string>
		</dict>
		<key>BD15857D199909C400461AA5</key>
		<dict>
			<key>isa</key>
			<string>PBXFileReference</string>
			<key>lastKnownFileType</key>
			<string>image.png</string>
			<key>path</key>
			<string>Coin.png</string>
			<key>sourceTree</key>
			<string>&lt;group&gt;</string>
		</dict>
		<key>BD15857E199909C400461AA5</key>
		<dict>
			<key>fileRef</key>
			<string>BD15857D199909C400461AA5</string>
			<key>isa</key>
			<string>PBXBuildFile</string>
		</dict>
		<key>BDC40145199AA41900DFEA27</key>
		<dict>
			<key>fileEncoding</key>
			<string>4</string>
			<key>isa</key>
			<string>PBXFileReference</string>
			<key>lastKnownFileType</key>
			<string>text.xml</string>
			<key>path</key>
			<string>ImageAspectRatio.svg</string>
			<key>sourceTree</key>
			<string>&lt;group&gt;</string>
		</dict>
		<key>BDC40146199AA41900DFEA27</key>
		<dict>
			<key>fileRef</key>
			<string>BDC40145199AA41900DFEA27</string>
			<key>isa</key>
			<string>PBXBuildFile</string>
		</dict>
		<key>BDC40147199AA42C00DFEA27</key>
		<dict>
			<key>isa</key>
			<string>PBXFileReference</string>
			<key>lastKnownFileType</key>
			<string>image.png</string>
			<key>path</key>
			<string>Snowman.png</string>
			<key>sourceTree</key>
			<string>&lt;group&gt;</string>
		</dict>
		<key>BDC40148199AA42C00DFEA27</key>
		<dict>
			<key>fileRef</key>
			<string>BDC40147199AA42C00DFEA27</string>
			<key>isa</key>
			<string>PBXBuildFile</string>
		</dict>
		<key>C10098C7A6A7084A1C8251AC</key>
		<dict>
			<key>explicitFileType</key>
			<string>archive.ar</string>
			<key>includeInIndex</key>
			<string>0</string>
			<key>isa</key>
			<string>PBXFileReference</string>
			<key>path</key>
			<string>libPods-Demo-iOS.a</string>
			<key>sourceTree</key>
			<string>BUILT_PRODUCTS_DIR</string>
		</dict>
		<key>E203AF8C1A0AC14F000DE028</key>
		<dict>
			<key>fileEncoding</key>
			<string>4</string>
			<key>isa</key>
			<string>PBXFileReference</string>
			<key>lastKnownFileType</key>
			<string>text.xml</string>
			<key>name</key>
			<string>fillrule-evenodd.svg</string>
			<key>path</key>
			<string>../fillrule-evenodd.svg</string>
			<key>sourceTree</key>
			<string>&lt;group&gt;</string>
		</dict>
		<key>E203AF8D1A0AC14F000DE028</key>
		<dict>
			<key>fileRef</key>
			<string>E203AF8C1A0AC14F000DE028</string>
			<key>isa</key>
			<string>PBXBuildFile</string>
		</dict>
		<key>E203AF8F1A0AC14F000DE028</key>
		<dict>
			<key>containerPortal</key>
			<string>6649E1021617574600AFE92A</string>
			<key>isa</key>
			<string>PBXContainerItemProxy</string>
			<key>proxyType</key>
			<string>2</string>
			<key>remoteGlobalIDString</key>
			<string>55452BF119EC68A200B75A30</string>
			<key>remoteInfo</key>
			<string>SVGKit-iOS Tests</string>
		</dict>
		<key>E203AF901A0AC14F000DE028</key>
		<dict>
			<key>fileType</key>
			<string>wrapper.cfbundle</string>
			<key>isa</key>
			<string>PBXReferenceProxy</string>
			<key>path</key>
			<string>SVGKit-iOS Tests.xctest</string>
			<key>remoteRef</key>
			<string>E203AF8F1A0AC14F000DE028</string>
			<key>sourceTree</key>
			<string>BUILT_PRODUCTS_DIR</string>
		</dict>
		<key>E9A792477368B0607A33EFBF</key>
		<dict>
			<key>buildActionMask</key>
			<string>2147483647</string>
			<key>files</key>
			<array/>
			<key>inputPaths</key>
			<array/>
			<key>isa</key>
			<string>PBXShellScriptBuildPhase</string>
			<key>name</key>
			<string>Check Pods Manifest.lock</string>
			<key>outputPaths</key>
			<array/>
			<key>runOnlyForDeploymentPostprocessing</key>
			<string>0</string>
			<key>shellPath</key>
			<string>/bin/sh</string>
			<key>shellScript</key>
			<string>diff "${PODS_ROOT}/../Podfile.lock" "${PODS_ROOT}/Manifest.lock" &gt; /dev/null
if [[ $? != 0 ]] ; then
    cat &lt;&lt; EOM
error: The sandbox is not in sync with the Podfile.lock. Run 'pod install' or update your CocoaPods installation.
EOM
    exit 1
fi
</string>
			<key>showEnvVarsInLog</key>
			<string>0</string>
		</dict>
	</dict>
	<key>rootObject</key>
	<string>661A0DC1161727CF008D5FBE</string>
</dict>
</plist>
